
Microsoft Visual Studio Solution File, Format Version 12.00
# Visual Studio Version 17
VisualStudioVersion = 17.14.36414.22 d17.14
MinimumVisualStudioVersion = 10.0.40219.1
Project("{FAE04EC0-301F-11D3-BF4B-00C04F79EFBC}") = "Words", "Words.csproj", "{C720D37C-4217-415A-9300-2BBBF9451135}"
EndProject
Global
	GlobalSection(SolutionConfigurationPlatforms) = preSolution
		Debug|Any CPU = Debug|Any CPU
		Release|Any CPU = Release|Any CPU
	EndGlobalSection
	GlobalSection(ProjectConfigurationPlatforms) = postSolution
		{C720D37C-4217-415A-9300-2BBBF9451135}.Debug|Any CPU.ActiveCfg = Debug|Any CPU
		{C720D37C-4217-415A-9300-2BBBF9451135}.Debug|Any CPU.Build.0 = Debug|Any CPU
		{C720D37C-4217-415A-9300-2BBBF9451135}.Release|Any CPU.ActiveCfg = Release|Any CPU
		{C720D37C-4217-415A-9300-2BBBF9451135}.Release|Any CPU.Build.0 = Release|Any CPU
	EndGlobalSection
	GlobalSection(SolutionProperties) = preSolution
		HideSolutionNode = FALSE
	EndGlobalSection
	GlobalSection(ExtensibilityGlobals) = postSolution
		SolutionGuid = {20B6E152-7E55-42FA-8C0F-CB7AEBBE7F97}
	EndGlobalSection
EndGlobal
