
Microsoft Visual Studio Solution File, Format Version 12.00
# Visual Studio Version 17
VisualStudioVersion = 17.14.36414.22 d17.14
MinimumVisualStudioVersion = 10.0.40219.1
Project("{FAE04EC0-301F-11D3-BF4B-00C04F79EFBC}") = "difft", "difft.csproj", "{8249F108-FEA4-49A0-92D8-9CA18BAC522A}"
EndProject
Global
	GlobalSection(SolutionConfigurationPlatforms) = preSolution
		Debug|Any CPU = Debug|Any CPU
		Release|Any CPU = Release|Any CPU
	EndGlobalSection
	GlobalSection(ProjectConfigurationPlatforms) = postSolution
		{8249F108-FEA4-49A0-92D8-9CA18BAC522A}.Debug|Any CPU.ActiveCfg = Debug|Any CPU
		{8249F108-FEA4-49A0-92D8-9CA18BAC522A}.Debug|Any CPU.Build.0 = Debug|Any CPU
		{8249F108-FEA4-49A0-92D8-9CA18BAC522A}.Release|Any CPU.ActiveCfg = Release|Any CPU
		{8249F108-FEA4-49A0-92D8-9CA18BAC522A}.Release|Any CPU.Build.0 = Release|Any CPU
	EndGlobalSection
	GlobalSection(SolutionProperties) = preSolution
		HideSolutionNode = FALSE
	EndGlobalSection
	GlobalSection(ExtensibilityGlobals) = postSolution
		SolutionGuid = {B1BEBE15-15FA-4D29-A66C-0931AEB5BC3A}
	EndGlobalSection
EndGlobal
